<?xml version="1.0" encoding="utf-8"?>
<Project ToolsVersion="4.0" xmlns="http://schemas.microsoft.com/developer/msbuild/2003">
  <ItemGroup>
    <Filter Include="Resource Files">
      <UniqueIdentifier>{67DA6AB6-F800-4c08-8B7A-83BB121AAD01}</UniqueIdentifier>
      <Extensions>rc;ico;cur;bmp;dlg;rc2;rct;bin;rgs;gif;jpg;jpeg;jpe;resx;tiff;tif;png;wav;mfcribbon-ms</Extensions>
    </Filter>
    <Filter Include="Modules">
      <UniqueIdentifier>{d3831ae0-ee61-450a-93e0-96716a44c7c5}</UniqueIdentifier>
    </Filter>
    <Filter Include="Objects">
      <UniqueIdentifier>{b771fe80-9a73-4457-ac75-9591164b8008}</UniqueIdentifier>
    </Filter>
  </ItemGroup>
  <ItemGroup>
    <ClInclude Include="engine_instance.h" />
    <ClInclude Include="pch.h" />
    <ClInclude Include="framework.h" />
    <ClInclude Include="event.h" />
    <ClInclude Include="entity_system.h" />
    <ClInclude Include="enum_strings.h" />
    <ClInclude Include="engine_api.h" />
    <ClInclude Include="Modules\asset_module.h">
      <Filter>Modules</Filter>
    </ClInclude>
    <ClInclude Include="Modules\ecs_module.h">
      <Filter>Modules</Filter>
    </ClInclude>
    <ClInclude Include="Modules\engine_module.h">
      <Filter>Modules</Filter>
    </ClInclude>
    <ClInclude Include="Modules\game_layer_module.h">
      <Filter>Modules</Filter>
    </ClInclude>
    <ClInclude Include="Modules\render_module.h">
      <Filter>Modules</Filter>
    </ClInclude>
    <ClInclude Include="Modules\time_module.h">
      <Filter>Modules</Filter>
    </ClInclude>
    <ClInclude Include="Objects\mesh_gpu.h">
      <Filter>Objects</Filter>
    </ClInclude>
    <ClInclude Include="Modules\log_module.h">
      <Filter>Modules</Filter>
    </ClInclude>
    <ClInclude Include="Objects\mesh_cpu.h">
      <Filter>Objects</Filter>
    </ClInclude>
    <ClInclude Include="Objects\shader.h">
      <Filter>Objects</Filter>
    </ClInclude>
    <ClInclude Include="Objects\camera.h" />
    <ClInclude Include="Objects\transform.h" />
    <ClInclude Include="path_utility.h" />
    <ClInclude Include="string_utility.h" />
  </ItemGroup>
  <ItemGroup>
    <ClCompile Include="engine_instance.cpp" />
    <ClCompile Include="pch.cpp" />
    <ClCompile Include="enum_strings.cpp" />
    <ClCompile Include="Modules\asset_module.cpp">
      <Filter>Modules</Filter>
    </ClCompile>
    <ClCompile Include="Modules\ecs_module.cpp">
      <Filter>Modules</Filter>
    </ClCompile>
    <ClCompile Include="Modules\game_layer_module.cpp">
      <Filter>Modules</Filter>
    </ClCompile>
    <ClCompile Include="Modules\render_module.cpp">
      <Filter>Modules</Filter>
    </ClCompile>
    <ClCompile Include="Modules\time_module.cpp">
      <Filter>Modules</Filter>
    </ClCompile>
    <ClCompile Include="Objects\mesh_gpu.cpp">
      <Filter>Objects</Filter>
    </ClCompile>
    <ClCompile Include="Modules\log_module.cpp">
      <Filter>Modules</Filter>
    </ClCompile>
    <ClCompile Include="Objects\mesh_cpu.cpp">
      <Filter>Objects</Filter>
    </ClCompile>
    <ClCompile Include="Objects\shader.cpp">
      <Filter>Objects</Filter>
    </ClCompile>
    <ClCompile Include="Objects\camera.cpp" />
    <ClCompile Include="Objects\transform.cpp" />
    <ClCompile Include="path_utility.cpp" />
    <ClCompile Include="string_utility.cpp" />
  </ItemGroup>
  <ItemGroup>
    <None Include="cpp.hint" />
    <None Include="Assets\Engine\Shaders\default.vert" />
    <None Include="Assets\Engine\Models\monkey.fbx" />
    <None Include="Assets\Engine\Shaders\default.frag" />
    <None Include="Assets\Engine\Shaders\normals.vert" />
  </ItemGroup>
</Project>